
Microsoft Visual Studio Solution File, Format Version 12.00
# Visual Studio 14
VisualStudioVersion = 14.0.25420.1
MinimumVisualStudioVersion = 10.0.40219.1
Project("{FAE04EC0-301F-11D3-BF4B-00C04F79EFBC}") = "Brainfuck.Interpreter", "Brainfuck.Interpreter\Brainfuck.Interpreter.csproj", "{AD0B497B-AC69-4DF8-BE47-C523616658F4}"
EndProject
Project("{FAE04EC0-301F-11D3-BF4B-00C04F79EFBC}") = "ConsoleTest", "ConsoleTest\ConsoleTest.csproj", "{A673C860-183E-410F-B40E-BF8AB4CBC77F}"
EndProject
Global
	GlobalSection(SolutionConfigurationPlatforms) = preSolution
		Debug|Any CPU = Debug|Any CPU
		Release|Any CPU = Release|Any CPU
	EndGlobalSection
	GlobalSection(ProjectConfigurationPlatforms) = postSolution
		{AD0B497B-AC69-4DF8-BE47-C523616658F4}.Debug|Any CPU.ActiveCfg = Debug|Any CPU
		{AD0B497B-AC69-4DF8-BE47-C523616658F4}.Debug|Any CPU.Build.0 = Debug|Any CPU
		{AD0B497B-AC69-4DF8-BE47-C523616658F4}.Release|Any CPU.ActiveCfg = Release|Any CPU
		{AD0B497B-AC69-4DF8-BE47-C523616658F4}.Release|Any CPU.Build.0 = Release|Any CPU
		{A673C860-183E-410F-B40E-BF8AB4CBC77F}.Debug|Any CPU.ActiveCfg = Debug|Any CPU
		{A673C860-183E-410F-B40E-BF8AB4CBC77F}.Debug|Any CPU.Build.0 = Debug|Any CPU
		{A673C860-183E-410F-B40E-BF8AB4CBC77F}.Release|Any CPU.ActiveCfg = Release|Any CPU
		{A673C860-183E-410F-B40E-BF8AB4CBC77F}.Release|Any CPU.Build.0 = Release|Any CPU
	EndGlobalSection
	GlobalSection(SolutionProperties) = preSolution
		HideSolutionNode = FALSE
	EndGlobalSection
EndGlobal
